// !$*UTF8*$!
{
	archiveVersion = 1;
	classes = {
	};
	objectVersion = 56;
	objects = {

/* Begin PBXBuildFile section */
		2023D2E62A897096003EDA15 /* CoinRowView.swift in Sources */ = {isa = PBXBuildFile; fileRef = 2023D2E52A897096003EDA15 /* CoinRowView.swift */; };
		2023D2E82A8970F4003EDA15 /* PreviewProvider.swift in Sources */ = {isa = PBXBuildFile; fileRef = 2023D2E72A8970F4003EDA15 /* PreviewProvider.swift */; };
		2023D2EA2A897A99003EDA15 /* HomeViewModel.swift in Sources */ = {isa = PBXBuildFile; fileRef = 2023D2E92A897A99003EDA15 /* HomeViewModel.swift */; };
		20C392E42A89031100879A44 /* SwiftfulCryptoApp.swift in Sources */ = {isa = PBXBuildFile; fileRef = 20C392E32A89031100879A44 /* SwiftfulCryptoApp.swift */; };
		20C392E62A89031100879A44 /* ContentView.swift in Sources */ = {isa = PBXBuildFile; fileRef = 20C392E52A89031100879A44 /* ContentView.swift */; };
		20C392EB2A89031600879A44 /* Preview Assets.xcassets in Resources */ = {isa = PBXBuildFile; fileRef = 20C392EA2A89031600879A44 /* Preview Assets.xcassets */; };
		20C392F22A8903B000879A44 /* Assets.xcassets in Resources */ = {isa = PBXBuildFile; fileRef = 20C392F12A8903B000879A44 /* Assets.xcassets */; };
		20C392F52A8904C400879A44 /* Color.swift in Sources */ = {isa = PBXBuildFile; fileRef = 20C392F42A8904C400879A44 /* Color.swift */; };
		20C392FB2A890C8E00879A44 /* HomeView.swift in Sources */ = {isa = PBXBuildFile; fileRef = 20C392FA2A890C8E00879A44 /* HomeView.swift */; };
		20C392FF2A890D6600879A44 /* CircleButtonView.swift in Sources */ = {isa = PBXBuildFile; fileRef = 20C392FE2A890D6600879A44 /* CircleButtonView.swift */; };
		20C393012A890F8500879A44 /* CircleButtonAnimationView.swift in Sources */ = {isa = PBXBuildFile; fileRef = 20C393002A890F8500879A44 /* CircleButtonAnimationView.swift */; };
		20C393092A8911C400879A44 /* CoinModel.swift in Sources */ = {isa = PBXBuildFile; fileRef = 20C393032A8911C400879A44 /* CoinModel.swift */; };
		20C3930A2A8911C400879A44 /* MarketDataModel.swift in Sources */ = {isa = PBXBuildFile; fileRef = 20C393042A8911C400879A44 /* MarketDataModel.swift */; };
		20C3930B2A8911C400879A44 /* PortfolioContainer.xcdatamodeld in Sources */ = {isa = PBXBuildFile; fileRef = 20C393052A8911C400879A44 /* PortfolioContainer.xcdatamodeld */; };
		20C3930C2A8911C400879A44 /* StatisticModel.swift in Sources */ = {isa = PBXBuildFile; fileRef = 20C393072A8911C400879A44 /* StatisticModel.swift */; };
		20C3930D2A8911C400879A44 /* CoinDetailModel.swift in Sources */ = {isa = PBXBuildFile; fileRef = 20C393082A8911C400879A44 /* CoinDetailModel.swift */; };
		20C3930F2A8911E500879A44 /* Double.swift in Sources */ = {isa = PBXBuildFile; fileRef = 20C3930E2A8911E500879A44 /* Double.swift */; };
		20C393112A8911F800879A44 /* String.swift in Sources */ = {isa = PBXBuildFile; fileRef = 20C393102A8911F800879A44 /* String.swift */; };
/* End PBXBuildFile section */

/* Begin PBXFileReference section */
		2023D2E52A897096003EDA15 /* CoinRowView.swift */ = {isa = PBXFileReference; lastKnownFileType = sourcecode.swift; path = CoinRowView.swift; sourceTree = "<group>"; };
		2023D2E72A8970F4003EDA15 /* PreviewProvider.swift */ = {isa = PBXFileReference; lastKnownFileType = sourcecode.swift; path = PreviewProvider.swift; sourceTree = "<group>"; };
		2023D2E92A897A99003EDA15 /* HomeViewModel.swift */ = {isa = PBXFileReference; lastKnownFileType = sourcecode.swift; path = HomeViewModel.swift; sourceTree = "<group>"; };
		20C392E02A89031100879A44 /* SwiftfulCrypto.app */ = {isa = PBXFileReference; explicitFileType = wrapper.application; includeInIndex = 0; path = SwiftfulCrypto.app; sourceTree = BUILT_PRODUCTS_DIR; };
		20C392E32A89031100879A44 /* SwiftfulCryptoApp.swift */ = {isa = PBXFileReference; lastKnownFileType = sourcecode.swift; path = SwiftfulCryptoApp.swift; sourceTree = "<group>"; };
		20C392E52A89031100879A44 /* ContentView.swift */ = {isa = PBXFileReference; lastKnownFileType = sourcecode.swift; path = ContentView.swift; sourceTree = "<group>"; };
		20C392EA2A89031600879A44 /* Preview Assets.xcassets */ = {isa = PBXFileReference; lastKnownFileType = folder.assetcatalog; path = "Preview Assets.xcassets"; sourceTree = "<group>"; };
		20C392F12A8903B000879A44 /* Assets.xcassets */ = {isa = PBXFileReference; lastKnownFileType = folder.assetcatalog; name = Assets.xcassets; path = ../../Downloads/Resources/Assets.xcassets; sourceTree = "<group>"; };
		20C392F42A8904C400879A44 /* Color.swift */ = {isa = PBXFileReference; lastKnownFileType = sourcecode.swift; path = Color.swift; sourceTree = "<group>"; };
		20C392FA2A890C8E00879A44 /* HomeView.swift */ = {isa = PBXFileReference; lastKnownFileType = sourcecode.swift; path = HomeView.swift; sourceTree = "<group>"; };
		20C392FE2A890D6600879A44 /* CircleButtonView.swift */ = {isa = PBXFileReference; lastKnownFileType = sourcecode.swift; path = CircleButtonView.swift; sourceTree = "<group>"; };
		20C393002A890F8500879A44 /* CircleButtonAnimationView.swift */ = {isa = PBXFileReference; lastKnownFileType = sourcecode.swift; path = CircleButtonAnimationView.swift; sourceTree = "<group>"; };
		20C393032A8911C400879A44 /* CoinModel.swift */ = {isa = PBXFileReference; fileEncoding = 4; lastKnownFileType = sourcecode.swift; path = CoinModel.swift; sourceTree = "<group>"; };
		20C393042A8911C400879A44 /* MarketDataModel.swift */ = {isa = PBXFileReference; fileEncoding = 4; lastKnownFileType = sourcecode.swift; path = MarketDataModel.swift; sourceTree = "<group>"; };
		20C393062A8911C400879A44 /* PortfolioContainer.xcdatamodel */ = {isa = PBXFileReference; lastKnownFileType = wrapper.xcdatamodel; path = PortfolioContainer.xcdatamodel; sourceTree = "<group>"; };
		20C393072A8911C400879A44 /* StatisticModel.swift */ = {isa = PBXFileReference; fileEncoding = 4; lastKnownFileType = sourcecode.swift; path = StatisticModel.swift; sourceTree = "<group>"; };
		20C393082A8911C400879A44 /* CoinDetailModel.swift */ = {isa = PBXFileReference; fileEncoding = 4; lastKnownFileType = sourcecode.swift; path = CoinDetailModel.swift; sourceTree = "<group>"; };
		20C3930E2A8911E500879A44 /* Double.swift */ = {isa = PBXFileReference; fileEncoding = 4; lastKnownFileType = sourcecode.swift; path = Double.swift; sourceTree = "<group>"; };
		20C393102A8911F800879A44 /* String.swift */ = {isa = PBXFileReference; fileEncoding = 4; lastKnownFileType = sourcecode.swift; path = String.swift; sourceTree = "<group>"; };
/* End PBXFileReference section */

/* Begin PBXFrameworksBuildPhase section */
		20C392DD2A89031100879A44 /* Frameworks */ = {
			isa = PBXFrameworksBuildPhase;
			buildActionMask = 2147483647;
			files = (
			);
			runOnlyForDeploymentPostprocessing = 0;
		};
/* End PBXFrameworksBuildPhase section */

/* Begin PBXGroup section */
		20C392D72A89031100879A44 = {
			isa = PBXGroup;
			children = (
				20C392E22A89031100879A44 /* SwiftfulCrypto */,
				20C392E12A89031100879A44 /* Products */,
			);
			sourceTree = "<group>";
		};
		20C392E12A89031100879A44 /* Products */ = {
			isa = PBXGroup;
			children = (
				20C392E02A89031100879A44 /* SwiftfulCrypto.app */,
			);
			name = Products;
			sourceTree = "<group>";
		};
		20C392E22A89031100879A44 /* SwiftfulCrypto */ = {
			isa = PBXGroup;
			children = (
				20C392E32A89031100879A44 /* SwiftfulCryptoApp.swift */,
				20C392E52A89031100879A44 /* ContentView.swift */,
				20C392F32A8904AE00879A44 /* Extensions */,
				20C393022A8911C400879A44 /* Models */,
				20C392F62A890A9A00879A44 /* Core */,
				20C392F12A8903B000879A44 /* Assets.xcassets */,
				20C392E92A89031600879A44 /* Preview Content */,
			);
			path = SwiftfulCrypto;
			sourceTree = "<group>";
		};
		20C392E92A89031600879A44 /* Preview Content */ = {
			isa = PBXGroup;
			children = (
				20C392EA2A89031600879A44 /* Preview Assets.xcassets */,
			);
			path = "Preview Content";
			sourceTree = "<group>";
		};
		20C392F32A8904AE00879A44 /* Extensions */ = {
			isa = PBXGroup;
			children = (
				20C392F42A8904C400879A44 /* Color.swift */,
				20C3930E2A8911E500879A44 /* Double.swift */,
				20C393102A8911F800879A44 /* String.swift */,
				2023D2E72A8970F4003EDA15 /* PreviewProvider.swift */,
			);
			path = Extensions;
			sourceTree = "<group>";
		};
		20C392F62A890A9A00879A44 /* Core */ = {
			isa = PBXGroup;
			children = (
				20C392FC2A890D4700879A44 /* Components */,
				20C392F72A890AAC00879A44 /* Home */,
			);
			path = Core;
			sourceTree = "<group>";
		};
		20C392F72A890AAC00879A44 /* Home */ = {
			isa = PBXGroup;
			children = (
				20C392F92A890AC500879A44 /* ViewModels */,
				20C392F82A890ABE00879A44 /* Views */,
			);
			path = Home;
			sourceTree = "<group>";
		};
		20C392F82A890ABE00879A44 /* Views */ = {
			isa = PBXGroup;
			children = (
				20C392FA2A890C8E00879A44 /* HomeView.swift */,
				2023D2E52A897096003EDA15 /* CoinRowView.swift */,
			);
			path = Views;
			sourceTree = "<group>";
		};
		20C392F92A890AC500879A44 /* ViewModels */ = {
			isa = PBXGroup;
			children = (
				2023D2E92A897A99003EDA15 /* HomeViewModel.swift */,
			);
			path = ViewModels;
			sourceTree = "<group>";
		};
		20C392FC2A890D4700879A44 /* Components */ = {
			isa = PBXGroup;
			children = (
				20C392FD2A890D5800879A44 /* CircleButton */,
			);
			path = Components;
			sourceTree = "<group>";
		};
		20C392FD2A890D5800879A44 /* CircleButton */ = {
			isa = PBXGroup;
			children = (
				20C392FE2A890D6600879A44 /* CircleButtonView.swift */,
				20C393002A890F8500879A44 /* CircleButtonAnimationView.swift */,
			);
			path = CircleButton;
			sourceTree = "<group>";
		};
		20C393022A8911C400879A44 /* Models */ = {
			isa = PBXGroup;
			children = (
				20C393032A8911C400879A44 /* CoinModel.swift */,
				20C393042A8911C400879A44 /* MarketDataModel.swift */,
				20C393052A8911C400879A44 /* PortfolioContainer.xcdatamodeld */,
				20C393072A8911C400879A44 /* StatisticModel.swift */,
				20C393082A8911C400879A44 /* CoinDetailModel.swift */,
			);
			path = Models;
			sourceTree = "<group>";
		};
/* End PBXGroup section */

/* Begin PBXNativeTarget section */
		20C392DF2A89031100879A44 /* SwiftfulCrypto */ = {
			isa = PBXNativeTarget;
			buildConfigurationList = 20C392EE2A89031600879A44 /* Build configuration list for PBXNativeTarget "SwiftfulCrypto" */;
			buildPhases = (
				20C392DC2A89031100879A44 /* Sources */,
				20C392DD2A89031100879A44 /* Frameworks */,
				20C392DE2A89031100879A44 /* Resources */,
			);
			buildRules = (
			);
			dependencies = (
			);
			name = SwiftfulCrypto;
			productName = SwiftfulCrypto;
			productReference = 20C392E02A89031100879A44 /* SwiftfulCrypto.app */;
			productType = "com.apple.product-type.application";
		};
/* End PBXNativeTarget section */

/* Begin PBXProject section */
		20C392D82A89031100879A44 /* Project object */ = {
			isa = PBXProject;
			attributes = {
				BuildIndependentTargetsInParallel = 1;
				LastSwiftUpdateCheck = 1430;
				LastUpgradeCheck = 1430;
				TargetAttributes = {
					20C392DF2A89031100879A44 = {
						CreatedOnToolsVersion = 14.3.1;
					};
				};
			};
			buildConfigurationList = 20C392DB2A89031100879A44 /* Build configuration list for PBXProject "SwiftfulCrypto" */;
			compatibilityVersion = "Xcode 14.0";
			developmentRegion = en;
			hasScannedForEncodings = 0;
			knownRegions = (
				en,
				Base,
			);
			mainGroup = 20C392D72A89031100879A44;
			productRefGroup = 20C392E12A89031100879A44 /* Products */;
			projectDirPath = "";
			projectRoot = "";
			targets = (
				20C392DF2A89031100879A44 /* SwiftfulCrypto */,
			);
		};
/* End PBXProject section */

/* Begin PBXResourcesBuildPhase section */
		20C392DE2A89031100879A44 /* Resources */ = {
			isa = PBXResourcesBuildPhase;
			buildActionMask = 2147483647;
			files = (
				20C392EB2A89031600879A44 /* Preview Assets.xcassets in Resources */,
				20C392F22A8903B000879A44 /* Assets.xcassets in Resources */,
			);
			runOnlyForDeploymentPostprocessing = 0;
		};
/* End PBXResourcesBuildPhase section */

/* Begin PBXSourcesBuildPhase section */
		20C392DC2A89031100879A44 /* Sources */ = {
			isa = PBXSourcesBuildPhase;
			buildActionMask = 2147483647;
			files = (
				20C3930C2A8911C400879A44 /* StatisticModel.swift in Sources */,
				20C393112A8911F800879A44 /* String.swift in Sources */,
				20C392E62A89031100879A44 /* ContentView.swift in Sources */,
				2023D2EA2A897A99003EDA15 /* HomeViewModel.swift in Sources */,
				20C392FB2A890C8E00879A44 /* HomeView.swift in Sources */,
				2023D2E82A8970F4003EDA15 /* PreviewProvider.swift in Sources */,
				20C392E42A89031100879A44 /* SwiftfulCryptoApp.swift in Sources */,
				20C392FF2A890D6600879A44 /* CircleButtonView.swift in Sources */,
				20C392F52A8904C400879A44 /* Color.swift in Sources */,
				20C3930B2A8911C400879A44 /* PortfolioContainer.xcdatamodeld in Sources */,
				20C3930D2A8911C400879A44 /* CoinDetailModel.swift in Sources */,
				20C393012A890F8500879A44 /* CircleButtonAnimationView.swift in Sources */,
				20C393092A8911C400879A44 /* CoinModel.swift in Sources */,
				20C3930F2A8911E500879A44 /* Double.swift in Sources */,
				2023D2E62A897096003EDA15 /* CoinRowView.swift in Sources */,
				20C3930A2A8911C400879A44 /* MarketDataModel.swift in Sources */,
			);
			runOnlyForDeploymentPostprocessing = 0;
		};
/* End PBXSourcesBuildPhase section */

/* Begin XCBuildConfiguration section */
		20C392EC2A89031600879A44 /* Debug */ = {
			isa = XCBuildConfiguration;
			buildSettings = {
				ALWAYS_SEARCH_USER_PATHS = NO;
				CLANG_ANALYZER_NONNULL = YES;
				CLANG_ANALYZER_NUMBER_OBJECT_CONVERSION = YES_AGGRESSIVE;
				CLANG_CXX_LANGUAGE_STANDARD = "gnu++20";
				CLANG_ENABLE_MODULES = YES;
				CLANG_ENABLE_OBJC_ARC = YES;
				CLANG_ENABLE_OBJC_WEAK = YES;
				CLANG_WARN_BLOCK_CAPTURE_AUTORELEASING = YES;
				CLANG_WARN_BOOL_CONVERSION = YES;
				CLANG_WARN_COMMA = YES;
				CLANG_WARN_CONSTANT_CONVERSION = YES;
				CLANG_WARN_DEPRECATED_OBJC_IMPLEMENTATIONS = YES;
				CLANG_WARN_DIRECT_OBJC_ISA_USAGE = YES_ERROR;
				CLANG_WARN_DOCUMENTATION_COMMENTS = YES;
				CLANG_WARN_EMPTY_BODY = YES;
				CLANG_WARN_ENUM_CONVERSION = YES;
				CLANG_WARN_INFINITE_RECURSION = YES;
				CLANG_WARN_INT_CONVERSION = YES;
				CLANG_WARN_NON_LITERAL_NULL_CONVERSION = YES;
				CLANG_WARN_OBJC_IMPLICIT_RETAIN_SELF = YES;
				CLANG_WARN_OBJC_LITERAL_CONVERSION = YES;
				CLANG_WARN_OBJC_ROOT_CLASS = YES_ERROR;
				CLANG_WARN_QUOTED_INCLUDE_IN_FRAMEWORK_HEADER = YES;
				CLANG_WARN_RANGE_LOOP_ANALYSIS = YES;
				CLANG_WARN_STRICT_PROTOTYPES = YES;
				CLANG_WARN_SUSPICIOUS_MOVE = YES;
				CLANG_WARN_UNGUARDED_AVAILABILITY = YES_AGGRESSIVE;
				CLANG_WARN_UNREACHABLE_CODE = YES;
				CLANG_WARN__DUPLICATE_METHOD_MATCH = YES;
				COPY_PHASE_STRIP = NO;
				DEBUG_INFORMATION_FORMAT = dwarf;
				ENABLE_STRICT_OBJC_MSGSEND = YES;
				ENABLE_TESTABILITY = YES;
				GCC_C_LANGUAGE_STANDARD = gnu11;
				GCC_DYNAMIC_NO_PIC = NO;
				GCC_NO_COMMON_BLOCKS = YES;
				GCC_OPTIMIZATION_LEVEL = 0;
				GCC_PREPROCESSOR_DEFINITIONS = (
					"DEBUG=1",
					"$(inherited)",
				);
				GCC_WARN_64_TO_32_BIT_CONVERSION = YES;
				GCC_WARN_ABOUT_RETURN_TYPE = YES_ERROR;
				GCC_WARN_UNDECLARED_SELECTOR = YES;
				GCC_WARN_UNINITIALIZED_AUTOS = YES_AGGRESSIVE;
				GCC_WARN_UNUSED_FUNCTION = YES;
				GCC_WARN_UNUSED_VARIABLE = YES;
				IPHONEOS_DEPLOYMENT_TARGET = 16.4;
				MTL_ENABLE_DEBUG_INFO = INCLUDE_SOURCE;
				MTL_FAST_MATH = YES;
				ONLY_ACTIVE_ARCH = YES;
				SDKROOT = iphoneos;
				SWIFT_ACTIVE_COMPILATION_CONDITIONS = DEBUG;
				SWIFT_OPTIMIZATION_LEVEL = "-Onone";
			};
			name = Debug;
		};
		20C392ED2A89031600879A44 /* Release */ = {
			isa = XCBuildConfiguration;
			buildSettings = {
				ALWAYS_SEARCH_USER_PATHS = NO;
				CLANG_ANALYZER_NONNULL = YES;
				CLANG_ANALYZER_NUMBER_OBJECT_CONVERSION = YES_AGGRESSIVE;
				CLANG_CXX_LANGUAGE_STANDARD = "gnu++20";
				CLANG_ENABLE_MODULES = YES;
				CLANG_ENABLE_OBJC_ARC = YES;
				CLANG_ENABLE_OBJC_WEAK = YES;
				CLANG_WARN_BLOCK_CAPTURE_AUTORELEASING = YES;
				CLANG_WARN_BOOL_CONVERSION = YES;
				CLANG_WARN_COMMA = YES;
				CLANG_WARN_CONSTANT_CONVERSION = YES;
				CLANG_WARN_DEPRECATED_OBJC_IMPLEMENTATIONS = YES;
				CLANG_WARN_DIRECT_OBJC_ISA_USAGE = YES_ERROR;
				CLANG_WARN_DOCUMENTATION_COMMENTS = YES;
				CLANG_WARN_EMPTY_BODY = YES;
				CLANG_WARN_ENUM_CONVERSION = YES;
				CLANG_WARN_INFINITE_RECURSION = YES;
				CLANG_WARN_INT_CONVERSION = YES;
				CLANG_WARN_NON_LITERAL_NULL_CONVERSION = YES;
				CLANG_WARN_OBJC_IMPLICIT_RETAIN_SELF = YES;
				CLANG_WARN_OBJC_LITERAL_CONVERSION = YES;
				CLANG_WARN_OBJC_ROOT_CLASS = YES_ERROR;
				CLANG_WARN_QUOTED_INCLUDE_IN_FRAMEWORK_HEADER = YES;
				CLANG_WARN_RANGE_LOOP_ANALYSIS = YES;
				CLANG_WARN_STRICT_PROTOTYPES = YES;
				CLANG_WARN_SUSPICIOUS_MOVE = YES;
				CLANG_WARN_UNGUARDED_AVAILABILITY = YES_AGGRESSIVE;
				CLANG_WARN_UNREACHABLE_CODE = YES;
				CLANG_WARN__DUPLICATE_METHOD_MATCH = YES;
				COPY_PHASE_STRIP = NO;
				DEBUG_INFORMATION_FORMAT = "dwarf-with-dsym";
				ENABLE_NS_ASSERTIONS = NO;
				ENABLE_STRICT_OBJC_MSGSEND = YES;
				GCC_C_LANGUAGE_STANDARD = gnu11;
				GCC_NO_COMMON_BLOCKS = YES;
				GCC_WARN_64_TO_32_BIT_CONVERSION = YES;
				GCC_WARN_ABOUT_RETURN_TYPE = YES_ERROR;
				GCC_WARN_UNDECLARED_SELECTOR = YES;
				GCC_WARN_UNINITIALIZED_AUTOS = YES_AGGRESSIVE;
				GCC_WARN_UNUSED_FUNCTION = YES;
				GCC_WARN_UNUSED_VARIABLE = YES;
				IPHONEOS_DEPLOYMENT_TARGET = 16.4;
				MTL_ENABLE_DEBUG_INFO = NO;
				MTL_FAST_MATH = YES;
				SDKROOT = iphoneos;
				SWIFT_COMPILATION_MODE = wholemodule;
				SWIFT_OPTIMIZATION_LEVEL = "-O";
				VALIDATE_PRODUCT = YES;
			};
			name = Release;
		};
		20C392EF2A89031600879A44 /* Debug */ = {
			isa = XCBuildConfiguration;
			buildSettings = {
				ASSETCATALOG_COMPILER_APPICON_NAME = AppIcon;
				ASSETCATALOG_COMPILER_GLOBAL_ACCENT_COLOR_NAME = AccentColor;
				CODE_SIGN_STYLE = Automatic;
				CURRENT_PROJECT_VERSION = 1;
				DEVELOPMENT_ASSET_PATHS = "\"SwiftfulCrypto/Preview Content\"";
				DEVELOPMENT_TEAM = Y32KBTQURG;
				ENABLE_PREVIEWS = YES;
				GENERATE_INFOPLIST_FILE = YES;
				INFOPLIST_KEY_CFBundleDisplayName = "Crypto Tracker";
				INFOPLIST_KEY_UIApplicationSceneManifest_Generation = YES;
				INFOPLIST_KEY_UIApplicationSupportsIndirectInputEvents = YES;
				INFOPLIST_KEY_UILaunchScreen_Generation = YES;
				INFOPLIST_KEY_UISupportedInterfaceOrientations = UIInterfaceOrientationPortrait;
				INFOPLIST_KEY_UISupportedInterfaceOrientations_iPad = "UIInterfaceOrientationLandscapeLeft UIInterfaceOrientationLandscapeRight UIInterfaceOrientationPortrait UIInterfaceOrientationPortraitUpsideDown";
				LD_RUNPATH_SEARCH_PATHS = (
					"$(inherited)",
					"@executable_path/Frameworks",
				);
				MARKETING_VERSION = 1.0;
				PRODUCT_BUNDLE_IDENTIFIER = com.krlsrlsv.SwiftfulCrypto;
				PRODUCT_NAME = "$(TARGET_NAME)";
				SWIFT_EMIT_LOC_STRINGS = YES;
				SWIFT_VERSION = 5.0;
				TARGETED_DEVICE_FAMILY = "1,2";
			};
			name = Debug;
		};
		20C392F02A89031600879A44 /* Release */ = {
			isa = XCBuildConfiguration;
			buildSettings = {
				ASSETCATALOG_COMPILER_APPICON_NAME = AppIcon;
				ASSETCATALOG_COMPILER_GLOBAL_ACCENT_COLOR_NAME = AccentColor;
				CODE_SIGN_STYLE = Automatic;
				CURRENT_PROJECT_VERSION = 1;
				DEVELOPMENT_ASSET_PATHS = "\"SwiftfulCrypto/Preview Content\"";
				DEVELOPMENT_TEAM = Y32KBTQURG;
				ENABLE_PREVIEWS = YES;
				GENERATE_INFOPLIST_FILE = YES;
				INFOPLIST_KEY_CFBundleDisplayName = "Crypto Tracker";
				INFOPLIST_KEY_UIApplicationSceneManifest_Generation = YES;
				INFOPLIST_KEY_UIApplicationSupportsIndirectInputEvents = YES;
				INFOPLIST_KEY_UILaunchScreen_Generation = YES;
				INFOPLIST_KEY_UISupportedInterfaceOrientations = UIInterfaceOrientationPortrait;
				INFOPLIST_KEY_UISupportedInterfaceOrientations_iPad = "UIInterfaceOrientationLandscapeLeft UIInterfaceOrientationLandscapeRight UIInterfaceOrientationPortrait UIInterfaceOrientationPortraitUpsideDown";
				LD_RUNPATH_SEARCH_PATHS = (
					"$(inherited)",
					"@executable_path/Frameworks",
				);
				MARKETING_VERSION = 1.0;
				PRODUCT_BUNDLE_IDENTIFIER = com.krlsrlsv.SwiftfulCrypto;
				PRODUCT_NAME = "$(TARGET_NAME)";
				SWIFT_EMIT_LOC_STRINGS = YES;
				SWIFT_VERSION = 5.0;
				TARGETED_DEVICE_FAMILY = "1,2";
			};
			name = Release;
		};
/* End XCBuildConfiguration section */

/* Begin XCConfigurationList section */
		20C392DB2A89031100879A44 /* Build configuration list for PBXProject "SwiftfulCrypto" */ = {
			isa = XCConfigurationList;
			buildConfigurations = (
				20C392EC2A89031600879A44 /* Debug */,
				20C392ED2A89031600879A44 /* Release */,
			);
			defaultConfigurationIsVisible = 0;
			defaultConfigurationName = Release;
		};
		20C392EE2A89031600879A44 /* Build configuration list for PBXNativeTarget "SwiftfulCrypto" */ = {
			isa = XCConfigurationList;
			buildConfigurations = (
				20C392EF2A89031600879A44 /* Debug */,
				20C392F02A89031600879A44 /* Release */,
			);
			defaultConfigurationIsVisible = 0;
			defaultConfigurationName = Release;
		};
/* End XCConfigurationList section */

/* Begin XCVersionGroup section */
		20C393052A8911C400879A44 /* PortfolioContainer.xcdatamodeld */ = {
			isa = XCVersionGroup;
			children = (
				20C393062A8911C400879A44 /* PortfolioContainer.xcdatamodel */,
			);
			currentVersion = 20C393062A8911C400879A44 /* PortfolioContainer.xcdatamodel */;
			path = PortfolioContainer.xcdatamodeld;
			sourceTree = "<group>";
			versionGroupType = wrapper.xcdatamodel;
		};
/* End XCVersionGroup section */
	};
	rootObject = 20C392D82A89031100879A44 /* Project object */;
}
